
Microsoft Visual Studio Solution File, Format Version 12.00
# Visual Studio 15
VisualStudioVersion = 15.0.27004.2008
MinimumVisualStudioVersion = 10.0.40219.1
Project("{2150E333-8FDC-42A3-9474-1A3956D46DE8}") = "src", "src", "{5B9BA258-2A81-4F93-808A-80F0823F7EDB}"
EndProject
Project("{2150E333-8FDC-42A3-9474-1A3956D46DE8}") = "tests", "tests", "{4E157A7F-77D1-43D9-B7D2-88E846AB091F}"
EndProject
Project("{FAE04EC0-301F-11D3-BF4B-00C04F79EFBC}") = "X.Web.UTM", "src\X.Web.UTM\X.Web.UTM.csproj", "{9362A9B8-9991-4684-ABD0-3E188DD03FE3}"
EndProject
Project("{FAE04EC0-301F-11D3-BF4B-00C04F79EFBC}") = "Tests.X.Web.UTM", "tests\Tests.X.Web.UTM\Tests.X.Web.UTM.csproj", "{BF14FF58-D967-4647-B212-C1965C6BCAFE}"
EndProject
Global
	GlobalSection(SolutionConfigurationPlatforms) = preSolution
		Debug|Any CPU = Debug|Any CPU
		Release|Any CPU = Release|Any CPU
	EndGlobalSection
	GlobalSection(ProjectConfigurationPlatforms) = postSolution
		{9362A9B8-9991-4684-ABD0-3E188DD03FE3}.Debug|Any CPU.ActiveCfg = Debug|Any CPU
		{9362A9B8-9991-4684-ABD0-3E188DD03FE3}.Debug|Any CPU.Build.0 = Debug|Any CPU
		{9362A9B8-9991-4684-ABD0-3E188DD03FE3}.Release|Any CPU.ActiveCfg = Release|Any CPU
		{9362A9B8-9991-4684-ABD0-3E188DD03FE3}.Release|Any CPU.Build.0 = Release|Any CPU
		{BF14FF58-D967-4647-B212-C1965C6BCAFE}.Debug|Any CPU.ActiveCfg = Debug|Any CPU
		{BF14FF58-D967-4647-B212-C1965C6BCAFE}.Debug|Any CPU.Build.0 = Debug|Any CPU
		{BF14FF58-D967-4647-B212-C1965C6BCAFE}.Release|Any CPU.ActiveCfg = Release|Any CPU
		{BF14FF58-D967-4647-B212-C1965C6BCAFE}.Release|Any CPU.Build.0 = Release|Any CPU
	EndGlobalSection
	GlobalSection(SolutionProperties) = preSolution
		HideSolutionNode = FALSE
	EndGlobalSection
	GlobalSection(NestedProjects) = preSolution
		{9362A9B8-9991-4684-ABD0-3E188DD03FE3} = {5B9BA258-2A81-4F93-808A-80F0823F7EDB}
		{BF14FF58-D967-4647-B212-C1965C6BCAFE} = {4E157A7F-77D1-43D9-B7D2-88E846AB091F}
	EndGlobalSection
	GlobalSection(ExtensibilityGlobals) = postSolution
		SolutionGuid = {0732F54F-7D46-43DF-9EE4-79DBF1324517}
	EndGlobalSection
EndGlobal
